
Microsoft Visual Studio Solution File, Format Version 12.00
# Visual Studio 15
VisualStudioVersion = 15.0.28307.271
MinimumVisualStudioVersion = 10.0.40219.1
Project("{FAE04EC0-301F-11D3-BF4B-00C04F79EFBC}") = "v2tap", "v2tap\v2tap.csproj", "{53132DC3-8A46-4558-978C-605A643D1300}"
EndProject
Global
	GlobalSection(SolutionConfigurationPlatforms) = preSolution
		Debug|Any CPU = Debug|Any CPU
		Release x64|Any CPU = Release x64|Any CPU
		Release x86|Any CPU = Release x86|Any CPU
	EndGlobalSection
	GlobalSection(ProjectConfigurationPlatforms) = postSolution
		{53132DC3-8A46-4558-978C-605A643D1300}.Debug|Any CPU.ActiveCfg = Debug|Any CPU
		{53132DC3-8A46-4558-978C-605A643D1300}.Debug|Any CPU.Build.0 = Debug|Any CPU
		{53132DC3-8A46-4558-978C-605A643D1300}.Release x64|Any CPU.ActiveCfg = Release x64|Any CPU
		{53132DC3-8A46-4558-978C-605A643D1300}.Release x64|Any CPU.Build.0 = Release x64|Any CPU
		{53132DC3-8A46-4558-978C-605A643D1300}.Release x86|Any CPU.ActiveCfg = Release x86|Any CPU
		{53132DC3-8A46-4558-978C-605A643D1300}.Release x86|Any CPU.Build.0 = Release x86|Any CPU
	EndGlobalSection
	GlobalSection(SolutionProperties) = preSolution
		HideSolutionNode = FALSE
	EndGlobalSection
	GlobalSection(ExtensibilityGlobals) = postSolution
		SolutionGuid = {F99FB451-F677-4A31-9F3C-4BA7BD189AF5}
	EndGlobalSection
EndGlobal
